// !$*UTF8*$!
{
	archiveVersion = 1;
	classes = {
	};
	objectVersion = 56;
	objects = {

/* Begin PBXBuildFile section */
		2009569F29EFE0FE00C7A354 /* AppDelegate.swift in Sources */ = {isa = PBXBuildFile; fileRef = 2009569E29EFE0FE00C7A354 /* AppDelegate.swift */; };
		200956A129EFE0FE00C7A354 /* SceneDelegate.swift in Sources */ = {isa = PBXBuildFile; fileRef = 200956A029EFE0FE00C7A354 /* SceneDelegate.swift */; };
		200956A829EFE0FF00C7A354 /* Assets.xcassets in Resources */ = {isa = PBXBuildFile; fileRef = 200956A729EFE0FF00C7A354 /* Assets.xcassets */; };
		200956AB29EFE0FF00C7A354 /* LaunchScreen.storyboard in Resources */ = {isa = PBXBuildFile; fileRef = 200956A929EFE0FF00C7A354 /* LaunchScreen.storyboard */; };
		200956BA29EFF64600C7A354 /* Localizable.strings in Resources */ = {isa = PBXBuildFile; fileRef = 200956BC29EFF64600C7A354 /* Localizable.strings */; };
		200956BF29EFF6A000C7A354 /* README.md in Resources */ = {isa = PBXBuildFile; fileRef = 200956BE29EFF6A000C7A354 /* README.md */; };
		200956C229EFF82B00C7A354 /* PinLayout in Frameworks */ = {isa = PBXBuildFile; productRef = 200956C129EFF82B00C7A354 /* PinLayout */; };
		2018739029F12EF80074A0EE /* Examples in Resources */ = {isa = PBXBuildFile; fileRef = 2018738F29F12EF80074A0EE /* Examples */; };
		20F8379329F191F8005022B0 /* StartPresenter.swift in Sources */ = {isa = PBXBuildFile; fileRef = 20F8378D29F191F8005022B0 /* StartPresenter.swift */; };
		20F8379529F191F8005022B0 /* StartRouter.swift in Sources */ = {isa = PBXBuildFile; fileRef = 20F8378F29F191F8005022B0 /* StartRouter.swift */; };
		20F8379629F191F8005022B0 /* StartModels.swift in Sources */ = {isa = PBXBuildFile; fileRef = 20F8379029F191F8005022B0 /* StartModels.swift */; };
		20F8379729F191F8005022B0 /* StartViewController.swift in Sources */ = {isa = PBXBuildFile; fileRef = 20F8379129F191F8005022B0 /* StartViewController.swift */; };
		20F8379829F191F8005022B0 /* StartInteractor.swift in Sources */ = {isa = PBXBuildFile; fileRef = 20F8379229F191F8005022B0 /* StartInteractor.swift */; };
		20F8379A29F19434005022B0 /* StartAssembler.swift in Sources */ = {isa = PBXBuildFile; fileRef = 20F8379929F19434005022B0 /* StartAssembler.swift */; };
		20F837A029F6D64A005022B0 /* UIViewController+Preview.swift in Sources */ = {isa = PBXBuildFile; fileRef = 20F8379F29F6D64A005022B0 /* UIViewController+Preview.swift */; };
		20F837A229F6DBFB005022B0 /* AccessibilityIdentifier.swift in Sources */ = {isa = PBXBuildFile; fileRef = 20F837A129F6DBFB005022B0 /* AccessibilityIdentifier.swift */; };
		20F837A529F6E11D005022B0 /* Strings.swift in Sources */ = {isa = PBXBuildFile; fileRef = 20F837A329F6E11C005022B0 /* Strings.swift */; };
		20F837A629F6E11D005022B0 /* Assets.swift in Sources */ = {isa = PBXBuildFile; fileRef = 20F837A429F6E11C005022B0 /* Assets.swift */; };
		20F837A929F6E1F8005022B0 /* Colours.swift in Sources */ = {isa = PBXBuildFile; fileRef = 20F837A829F6E1F8005022B0 /* Colours.swift */; };
		20F837AC29F6E25B005022B0 /* UIColor+Hex.swift in Sources */ = {isa = PBXBuildFile; fileRef = 20F837AA29F6E25B005022B0 /* UIColor+Hex.swift */; };
		20F837AD29F6E25B005022B0 /* UIColor+Dynamic.swift in Sources */ = {isa = PBXBuildFile; fileRef = 20F837AB29F6E25B005022B0 /* UIColor+Dynamic.swift */; };
		20F837AF29F6E3E9005022B0 /* Sizes.swift in Sources */ = {isa = PBXBuildFile; fileRef = 20F837AE29F6E3E9005022B0 /* Sizes.swift */; };
		20F837B229F6E6CE005022B0 /* StartCollectionViewCell.swift in Sources */ = {isa = PBXBuildFile; fileRef = 20F837B129F6E6CE005022B0 /* StartCollectionViewCell.swift */; };
		20F837B529F827ED005022B0 /* File.swift in Sources */ = {isa = PBXBuildFile; fileRef = 20F837B429F827ED005022B0 /* File.swift */; };
/* End PBXBuildFile section */

/* Begin PBXFileReference section */
		2009569B29EFE0FE00C7A354 /* MdEditor.app */ = {isa = PBXFileReference; explicitFileType = wrapper.application; includeInIndex = 0; path = MdEditor.app; sourceTree = BUILT_PRODUCTS_DIR; };
		2009569E29EFE0FE00C7A354 /* AppDelegate.swift */ = {isa = PBXFileReference; lastKnownFileType = sourcecode.swift; path = AppDelegate.swift; sourceTree = "<group>"; };
		200956A029EFE0FE00C7A354 /* SceneDelegate.swift */ = {isa = PBXFileReference; lastKnownFileType = sourcecode.swift; path = SceneDelegate.swift; sourceTree = "<group>"; };
		200956A729EFE0FF00C7A354 /* Assets.xcassets */ = {isa = PBXFileReference; lastKnownFileType = folder.assetcatalog; path = Assets.xcassets; sourceTree = "<group>"; };
		200956AA29EFE0FF00C7A354 /* Base */ = {isa = PBXFileReference; lastKnownFileType = file.storyboard; name = Base; path = Base.lproj/LaunchScreen.storyboard; sourceTree = "<group>"; };
		200956AC29EFE0FF00C7A354 /* Info.plist */ = {isa = PBXFileReference; lastKnownFileType = text.plist.xml; path = Info.plist; sourceTree = "<group>"; };
		200956B929EFF61D00C7A354 /* ru */ = {isa = PBXFileReference; lastKnownFileType = text.plist.strings; name = ru; path = ru.lproj/LaunchScreen.strings; sourceTree = "<group>"; };
		200956BB29EFF64600C7A354 /* en */ = {isa = PBXFileReference; lastKnownFileType = text.plist.strings; name = en; path = en.lproj/Localizable.strings; sourceTree = "<group>"; };
		200956BD29EFF64A00C7A354 /* ru */ = {isa = PBXFileReference; lastKnownFileType = text.plist.strings; name = ru; path = ru.lproj/Localizable.strings; sourceTree = "<group>"; };
		200956BE29EFF6A000C7A354 /* README.md */ = {isa = PBXFileReference; fileEncoding = 4; lastKnownFileType = net.daringfireball.markdown; path = README.md; sourceTree = SOURCE_ROOT; };
		2018738F29F12EF80074A0EE /* Examples */ = {isa = PBXFileReference; lastKnownFileType = folder; path = Examples; sourceTree = "<group>"; };
		20F8378D29F191F8005022B0 /* StartPresenter.swift */ = {isa = PBXFileReference; lastKnownFileType = sourcecode.swift; path = StartPresenter.swift; sourceTree = "<group>"; };
		20F8378F29F191F8005022B0 /* StartRouter.swift */ = {isa = PBXFileReference; lastKnownFileType = sourcecode.swift; path = StartRouter.swift; sourceTree = "<group>"; };
		20F8379029F191F8005022B0 /* StartModels.swift */ = {isa = PBXFileReference; lastKnownFileType = sourcecode.swift; path = StartModels.swift; sourceTree = "<group>"; };
		20F8379129F191F8005022B0 /* StartViewController.swift */ = {isa = PBXFileReference; lastKnownFileType = sourcecode.swift; path = StartViewController.swift; sourceTree = "<group>"; };
		20F8379229F191F8005022B0 /* StartInteractor.swift */ = {isa = PBXFileReference; lastKnownFileType = sourcecode.swift; path = StartInteractor.swift; sourceTree = "<group>"; };
		20F8379929F19434005022B0 /* StartAssembler.swift */ = {isa = PBXFileReference; lastKnownFileType = sourcecode.swift; path = StartAssembler.swift; sourceTree = "<group>"; };
		20F8379F29F6D64A005022B0 /* UIViewController+Preview.swift */ = {isa = PBXFileReference; lastKnownFileType = sourcecode.swift; path = "UIViewController+Preview.swift"; sourceTree = "<group>"; };
		20F837A129F6DBFB005022B0 /* AccessibilityIdentifier.swift */ = {isa = PBXFileReference; lastKnownFileType = sourcecode.swift; path = AccessibilityIdentifier.swift; sourceTree = "<group>"; };
		20F837A329F6E11C005022B0 /* Strings.swift */ = {isa = PBXFileReference; fileEncoding = 4; lastKnownFileType = sourcecode.swift; path = Strings.swift; sourceTree = "<group>"; };
		20F837A429F6E11C005022B0 /* Assets.swift */ = {isa = PBXFileReference; fileEncoding = 4; lastKnownFileType = sourcecode.swift; path = Assets.swift; sourceTree = "<group>"; };
		20F837A829F6E1F8005022B0 /* Colours.swift */ = {isa = PBXFileReference; lastKnownFileType = sourcecode.swift; path = Colours.swift; sourceTree = "<group>"; };
		20F837AA29F6E25B005022B0 /* UIColor+Hex.swift */ = {isa = PBXFileReference; fileEncoding = 4; lastKnownFileType = sourcecode.swift; path = "UIColor+Hex.swift"; sourceTree = "<group>"; };
		20F837AB29F6E25B005022B0 /* UIColor+Dynamic.swift */ = {isa = PBXFileReference; fileEncoding = 4; lastKnownFileType = sourcecode.swift; path = "UIColor+Dynamic.swift"; sourceTree = "<group>"; };
		20F837AE29F6E3E9005022B0 /* Sizes.swift */ = {isa = PBXFileReference; lastKnownFileType = sourcecode.swift; path = Sizes.swift; sourceTree = "<group>"; };
		20F837B129F6E6CE005022B0 /* StartCollectionViewCell.swift */ = {isa = PBXFileReference; lastKnownFileType = sourcecode.swift; path = StartCollectionViewCell.swift; sourceTree = "<group>"; };
		20F837B429F827ED005022B0 /* File.swift */ = {isa = PBXFileReference; lastKnownFileType = sourcecode.swift; path = File.swift; sourceTree = "<group>"; };
/* End PBXFileReference section */

/* Begin PBXFrameworksBuildPhase section */
		2009569829EFE0FE00C7A354 /* Frameworks */ = {
			isa = PBXFrameworksBuildPhase;
			buildActionMask = 2147483647;
			files = (
				200956C229EFF82B00C7A354 /* PinLayout in Frameworks */,
			);
			runOnlyForDeploymentPostprocessing = 0;
		};
/* End PBXFrameworksBuildPhase section */

/* Begin PBXGroup section */
		2009569229EFE0FE00C7A354 = {
			isa = PBXGroup;
			children = (
				2009569D29EFE0FE00C7A354 /* MdEditor */,
				2009569C29EFE0FE00C7A354 /* Products */,
			);
			sourceTree = "<group>";
		};
		2009569C29EFE0FE00C7A354 /* Products */ = {
			isa = PBXGroup;
			children = (
				2009569B29EFE0FE00C7A354 /* MdEditor.app */,
			);
			name = Products;
			sourceTree = "<group>";
		};
		2009569D29EFE0FE00C7A354 /* MdEditor */ = {
			isa = PBXGroup;
			children = (
				20F837B329F827C1005022B0 /* BL */,
				20F8379E29F6D62A005022B0 /* Extensions */,
				20F8376629F187F1005022B0 /* Scenes */,
				200956BE29EFF6A000C7A354 /* README.md */,
				2018736629F124EE0074A0EE /* Assets */,
				200956B429EFF37700C7A354 /* SupportingFiles */,
				20F837A729F6E1D4005022B0 /* Theme */,
				2009569E29EFE0FE00C7A354 /* AppDelegate.swift */,
				200956A029EFE0FE00C7A354 /* SceneDelegate.swift */,
			);
			path = MdEditor;
			sourceTree = "<group>";
		};
		200956B429EFF37700C7A354 /* SupportingFiles */ = {
			isa = PBXGroup;
			children = (
				200956BC29EFF64600C7A354 /* Localizable.strings */,
				200956B529EFF3FB00C7A354 /* Autogenerated */,
				200956AC29EFE0FF00C7A354 /* Info.plist */,
				200956A729EFE0FF00C7A354 /* Assets.xcassets */,
				200956A929EFE0FF00C7A354 /* LaunchScreen.storyboard */,
				20F837A129F6DBFB005022B0 /* AccessibilityIdentifier.swift */,
			);
			path = SupportingFiles;
			sourceTree = "<group>";
		};
		200956B529EFF3FB00C7A354 /* Autogenerated */ = {
			isa = PBXGroup;
			children = (
				20F837A429F6E11C005022B0 /* Assets.swift */,
				20F837A329F6E11C005022B0 /* Strings.swift */,
			);
			path = Autogenerated;
			sourceTree = "<group>";
		};
		2018736629F124EE0074A0EE /* Assets */ = {
			isa = PBXGroup;
			children = (
				2018738F29F12EF80074A0EE /* Examples */,
			);
			path = Assets;
			sourceTree = "<group>";
		};
		20F8376629F187F1005022B0 /* Scenes */ = {
			isa = PBXGroup;
			children = (
				20F8376729F1880A005022B0 /* StartScene */,
			);
			path = Scenes;
			sourceTree = "<group>";
		};
		20F8376729F1880A005022B0 /* StartScene */ = {
			isa = PBXGroup;
			children = (
				20F837B029F6E6A3005022B0 /* Cells */,
				20F8378D29F191F8005022B0 /* StartPresenter.swift */,
				20F8378F29F191F8005022B0 /* StartRouter.swift */,
				20F8379029F191F8005022B0 /* StartModels.swift */,
				20F8379129F191F8005022B0 /* StartViewController.swift */,
				20F8379229F191F8005022B0 /* StartInteractor.swift */,
				20F8379929F19434005022B0 /* StartAssembler.swift */,
			);
			path = StartScene;
			sourceTree = "<group>";
		};
		20F8379E29F6D62A005022B0 /* Extensions */ = {
			isa = PBXGroup;
			children = (
				20F837AB29F6E25B005022B0 /* UIColor+Dynamic.swift */,
				20F837AA29F6E25B005022B0 /* UIColor+Hex.swift */,
				20F8379F29F6D64A005022B0 /* UIViewController+Preview.swift */,
			);
			path = Extensions;
			sourceTree = "<group>";
		};
		20F837A729F6E1D4005022B0 /* Theme */ = {
			isa = PBXGroup;
			children = (
				20F837A829F6E1F8005022B0 /* Colours.swift */,
				20F837AE29F6E3E9005022B0 /* Sizes.swift */,
			);
			path = Theme;
			sourceTree = "<group>";
		};
		20F837B029F6E6A3005022B0 /* Cells */ = {
			isa = PBXGroup;
			children = (
				20F837B129F6E6CE005022B0 /* StartCollectionViewCell.swift */,
			);
			path = Cells;
			sourceTree = "<group>";
		};
		20F837B329F827C1005022B0 /* BL */ = {
			isa = PBXGroup;
			children = (
				20F837B429F827ED005022B0 /* File.swift */,
			);
			path = BL;
			sourceTree = "<group>";
		};
/* End PBXGroup section */

/* Begin PBXNativeTarget section */
		2009569A29EFE0FE00C7A354 /* MdEditor */ = {
			isa = PBXNativeTarget;
			buildConfigurationList = 200956AF29EFE0FF00C7A354 /* Build configuration list for PBXNativeTarget "MdEditor" */;
			buildPhases = (
				200956B229EFF0E400C7A354 /* Run SwiftGen */,
				200956B329EFF17F00C7A354 /* Run SwiftLint */,
				2009569729EFE0FE00C7A354 /* Sources */,
				2009569829EFE0FE00C7A354 /* Frameworks */,
				2009569929EFE0FE00C7A354 /* Resources */,
			);
			buildRules = (
			);
			dependencies = (
			);
			name = MdEditor;
			packageProductDependencies = (
				200956C129EFF82B00C7A354 /* PinLayout */,
			);
			productName = MdEditor;
			productReference = 2009569B29EFE0FE00C7A354 /* MdEditor.app */;
			productType = "com.apple.product-type.application";
		};
/* End PBXNativeTarget section */

/* Begin PBXProject section */
		2009569329EFE0FE00C7A354 /* Project object */ = {
			isa = PBXProject;
			attributes = {
				BuildIndependentTargetsInParallel = 1;
				LastSwiftUpdateCheck = 1430;
				LastUpgradeCheck = 1430;
				TargetAttributes = {
					2009569A29EFE0FE00C7A354 = {
						CreatedOnToolsVersion = 14.3;
					};
				};
			};
			buildConfigurationList = 2009569629EFE0FE00C7A354 /* Build configuration list for PBXProject "MdEditor" */;
			compatibilityVersion = "Xcode 14.0";
			developmentRegion = en;
			hasScannedForEncodings = 0;
			knownRegions = (
				en,
				Base,
				ru,
			);
			mainGroup = 2009569229EFE0FE00C7A354;
			packageReferences = (
				200956C029EFF82B00C7A354 /* XCRemoteSwiftPackageReference "PinLayout" */,
			);
			productRefGroup = 2009569C29EFE0FE00C7A354 /* Products */;
			projectDirPath = "";
			projectRoot = "";
			targets = (
				2009569A29EFE0FE00C7A354 /* MdEditor */,
			);
		};
/* End PBXProject section */

/* Begin PBXResourcesBuildPhase section */
		2009569929EFE0FE00C7A354 /* Resources */ = {
			isa = PBXResourcesBuildPhase;
			buildActionMask = 2147483647;
			files = (
				200956AB29EFE0FF00C7A354 /* LaunchScreen.storyboard in Resources */,
				2018739029F12EF80074A0EE /* Examples in Resources */,
				200956BA29EFF64600C7A354 /* Localizable.strings in Resources */,
				200956BF29EFF6A000C7A354 /* README.md in Resources */,
				200956A829EFE0FF00C7A354 /* Assets.xcassets in Resources */,
			);
			runOnlyForDeploymentPostprocessing = 0;
		};
/* End PBXResourcesBuildPhase section */

/* Begin PBXShellScriptBuildPhase section */
		200956B229EFF0E400C7A354 /* Run SwiftGen */ = {
			isa = PBXShellScriptBuildPhase;
			alwaysOutOfDate = 1;
			buildActionMask = 2147483647;
			files = (
			);
			inputFileListPaths = (
			);
			inputPaths = (
			);
			name = "Run SwiftGen";
			outputFileListPaths = (
			);
			outputPaths = (
			);
			runOnlyForDeploymentPostprocessing = 0;
			shellPath = /bin/sh;
			shellScript = "MdEditor/SwiftGen/swiftgen.sh\n";
			showEnvVarsInLog = 0;
		};
		200956B329EFF17F00C7A354 /* Run SwiftLint */ = {
			isa = PBXShellScriptBuildPhase;
			alwaysOutOfDate = 1;
			buildActionMask = 2147483647;
			files = (
			);
			inputFileListPaths = (
			);
			inputPaths = (
			);
			name = "Run SwiftLint";
			outputFileListPaths = (
			);
			outputPaths = (
			);
			runOnlyForDeploymentPostprocessing = 0;
			shellPath = /bin/sh;
			shellScript = "export PATH=\"$PATH:/opt/homebrew/bin\"\nif which swiftlint > /dev/null; then\n  swiftlint\nelse\n  echo \"warning: SwiftLint not installed, download from https://github.com/realm/SwiftLint\"\n  exit 1\nfi\n";
		};
/* End PBXShellScriptBuildPhase section */

/* Begin PBXSourcesBuildPhase section */
		2009569729EFE0FE00C7A354 /* Sources */ = {
			isa = PBXSourcesBuildPhase;
			buildActionMask = 2147483647;
			files = (
				20F8379629F191F8005022B0 /* StartModels.swift in Sources */,
				20F837A929F6E1F8005022B0 /* Colours.swift in Sources */,
				20F8379829F191F8005022B0 /* StartInteractor.swift in Sources */,
				20F8379729F191F8005022B0 /* StartViewController.swift in Sources */,
				20F8379529F191F8005022B0 /* StartRouter.swift in Sources */,
				2009569F29EFE0FE00C7A354 /* AppDelegate.swift in Sources */,
				200956A129EFE0FE00C7A354 /* SceneDelegate.swift in Sources */,
				20F837A029F6D64A005022B0 /* UIViewController+Preview.swift in Sources */,
				20F837AC29F6E25B005022B0 /* UIColor+Hex.swift in Sources */,
				20F837A629F6E11D005022B0 /* Assets.swift in Sources */,
				20F8379329F191F8005022B0 /* StartPresenter.swift in Sources */,
				20F837B529F827ED005022B0 /* File.swift in Sources */,
				20F8379A29F19434005022B0 /* StartAssembler.swift in Sources */,
				20F837B229F6E6CE005022B0 /* StartCollectionViewCell.swift in Sources */,
				20F837AF29F6E3E9005022B0 /* Sizes.swift in Sources */,
				20F837AD29F6E25B005022B0 /* UIColor+Dynamic.swift in Sources */,
				20F837A529F6E11D005022B0 /* Strings.swift in Sources */,
				20F837A229F6DBFB005022B0 /* AccessibilityIdentifier.swift in Sources */,
			);
			runOnlyForDeploymentPostprocessing = 0;
		};
/* End PBXSourcesBuildPhase section */

/* Begin PBXVariantGroup section */
		200956A929EFE0FF00C7A354 /* LaunchScreen.storyboard */ = {
			isa = PBXVariantGroup;
			children = (
				200956AA29EFE0FF00C7A354 /* Base */,
				200956B929EFF61D00C7A354 /* ru */,
			);
			name = LaunchScreen.storyboard;
			sourceTree = "<group>";
		};
		200956BC29EFF64600C7A354 /* Localizable.strings */ = {
			isa = PBXVariantGroup;
			children = (
				200956BB29EFF64600C7A354 /* en */,
				200956BD29EFF64A00C7A354 /* ru */,
			);
			name = Localizable.strings;
			sourceTree = "<group>";
		};
/* End PBXVariantGroup section */

/* Begin XCBuildConfiguration section */
		200956AD29EFE0FF00C7A354 /* Debug */ = {
			isa = XCBuildConfiguration;
			buildSettings = {
				ALWAYS_SEARCH_USER_PATHS = NO;
				CLANG_ANALYZER_LOCALIZABILITY_NONLOCALIZED = YES;
				CLANG_ANALYZER_NONNULL = YES;
				CLANG_ANALYZER_NUMBER_OBJECT_CONVERSION = YES_AGGRESSIVE;
				CLANG_CXX_LANGUAGE_STANDARD = "gnu++20";
				CLANG_ENABLE_MODULES = YES;
				CLANG_ENABLE_OBJC_ARC = YES;
				CLANG_ENABLE_OBJC_WEAK = YES;
				CLANG_WARN_BLOCK_CAPTURE_AUTORELEASING = YES;
				CLANG_WARN_BOOL_CONVERSION = YES;
				CLANG_WARN_COMMA = YES;
				CLANG_WARN_CONSTANT_CONVERSION = YES;
				CLANG_WARN_DEPRECATED_OBJC_IMPLEMENTATIONS = YES;
				CLANG_WARN_DIRECT_OBJC_ISA_USAGE = YES_ERROR;
				CLANG_WARN_DOCUMENTATION_COMMENTS = YES;
				CLANG_WARN_EMPTY_BODY = YES;
				CLANG_WARN_ENUM_CONVERSION = YES;
				CLANG_WARN_INFINITE_RECURSION = YES;
				CLANG_WARN_INT_CONVERSION = YES;
				CLANG_WARN_NON_LITERAL_NULL_CONVERSION = YES;
				CLANG_WARN_OBJC_IMPLICIT_RETAIN_SELF = YES;
				CLANG_WARN_OBJC_LITERAL_CONVERSION = YES;
				CLANG_WARN_OBJC_ROOT_CLASS = YES_ERROR;
				CLANG_WARN_QUOTED_INCLUDE_IN_FRAMEWORK_HEADER = YES;
				CLANG_WARN_RANGE_LOOP_ANALYSIS = YES;
				CLANG_WARN_STRICT_PROTOTYPES = YES;
				CLANG_WARN_SUSPICIOUS_MOVE = YES;
				CLANG_WARN_UNGUARDED_AVAILABILITY = YES_AGGRESSIVE;
				CLANG_WARN_UNREACHABLE_CODE = YES;
				CLANG_WARN__DUPLICATE_METHOD_MATCH = YES;
				COPY_PHASE_STRIP = NO;
				DEBUG_INFORMATION_FORMAT = dwarf;
				ENABLE_STRICT_OBJC_MSGSEND = YES;
				ENABLE_TESTABILITY = YES;
				GCC_C_LANGUAGE_STANDARD = gnu11;
				GCC_DYNAMIC_NO_PIC = NO;
				GCC_NO_COMMON_BLOCKS = YES;
				GCC_OPTIMIZATION_LEVEL = 0;
				GCC_PREPROCESSOR_DEFINITIONS = (
					"DEBUG=1",
					"$(inherited)",
				);
				GCC_WARN_64_TO_32_BIT_CONVERSION = YES;
				GCC_WARN_ABOUT_RETURN_TYPE = YES_ERROR;
				GCC_WARN_UNDECLARED_SELECTOR = YES;
				GCC_WARN_UNINITIALIZED_AUTOS = YES_AGGRESSIVE;
				GCC_WARN_UNUSED_FUNCTION = YES;
				GCC_WARN_UNUSED_VARIABLE = YES;
				IPHONEOS_DEPLOYMENT_TARGET = 14.0;
				MTL_ENABLE_DEBUG_INFO = INCLUDE_SOURCE;
				MTL_FAST_MATH = YES;
				ONLY_ACTIVE_ARCH = YES;
				SDKROOT = iphoneos;
				SWIFT_ACTIVE_COMPILATION_CONDITIONS = DEBUG;
				SWIFT_OPTIMIZATION_LEVEL = "-Onone";
			};
			name = Debug;
		};
		200956AE29EFE0FF00C7A354 /* Release */ = {
			isa = XCBuildConfiguration;
			buildSettings = {
				ALWAYS_SEARCH_USER_PATHS = NO;
				CLANG_ANALYZER_LOCALIZABILITY_NONLOCALIZED = YES;
				CLANG_ANALYZER_NONNULL = YES;
				CLANG_ANALYZER_NUMBER_OBJECT_CONVERSION = YES_AGGRESSIVE;
				CLANG_CXX_LANGUAGE_STANDARD = "gnu++20";
				CLANG_ENABLE_MODULES = YES;
				CLANG_ENABLE_OBJC_ARC = YES;
				CLANG_ENABLE_OBJC_WEAK = YES;
				CLANG_WARN_BLOCK_CAPTURE_AUTORELEASING = YES;
				CLANG_WARN_BOOL_CONVERSION = YES;
				CLANG_WARN_COMMA = YES;
				CLANG_WARN_CONSTANT_CONVERSION = YES;
				CLANG_WARN_DEPRECATED_OBJC_IMPLEMENTATIONS = YES;
				CLANG_WARN_DIRECT_OBJC_ISA_USAGE = YES_ERROR;
				CLANG_WARN_DOCUMENTATION_COMMENTS = YES;
				CLANG_WARN_EMPTY_BODY = YES;
				CLANG_WARN_ENUM_CONVERSION = YES;
				CLANG_WARN_INFINITE_RECURSION = YES;
				CLANG_WARN_INT_CONVERSION = YES;
				CLANG_WARN_NON_LITERAL_NULL_CONVERSION = YES;
				CLANG_WARN_OBJC_IMPLICIT_RETAIN_SELF = YES;
				CLANG_WARN_OBJC_LITERAL_CONVERSION = YES;
				CLANG_WARN_OBJC_ROOT_CLASS = YES_ERROR;
				CLANG_WARN_QUOTED_INCLUDE_IN_FRAMEWORK_HEADER = YES;
				CLANG_WARN_RANGE_LOOP_ANALYSIS = YES;
				CLANG_WARN_STRICT_PROTOTYPES = YES;
				CLANG_WARN_SUSPICIOUS_MOVE = YES;
				CLANG_WARN_UNGUARDED_AVAILABILITY = YES_AGGRESSIVE;
				CLANG_WARN_UNREACHABLE_CODE = YES;
				CLANG_WARN__DUPLICATE_METHOD_MATCH = YES;
				COPY_PHASE_STRIP = NO;
				DEBUG_INFORMATION_FORMAT = "dwarf-with-dsym";
				ENABLE_NS_ASSERTIONS = NO;
				ENABLE_STRICT_OBJC_MSGSEND = YES;
				GCC_C_LANGUAGE_STANDARD = gnu11;
				GCC_NO_COMMON_BLOCKS = YES;
				GCC_WARN_64_TO_32_BIT_CONVERSION = YES;
				GCC_WARN_ABOUT_RETURN_TYPE = YES_ERROR;
				GCC_WARN_UNDECLARED_SELECTOR = YES;
				GCC_WARN_UNINITIALIZED_AUTOS = YES_AGGRESSIVE;
				GCC_WARN_UNUSED_FUNCTION = YES;
				GCC_WARN_UNUSED_VARIABLE = YES;
				IPHONEOS_DEPLOYMENT_TARGET = 14.0;
				MTL_ENABLE_DEBUG_INFO = NO;
				MTL_FAST_MATH = YES;
				SDKROOT = iphoneos;
				SWIFT_COMPILATION_MODE = wholemodule;
				SWIFT_OPTIMIZATION_LEVEL = "-O";
				VALIDATE_PRODUCT = YES;
			};
			name = Release;
		};
		200956B029EFE0FF00C7A354 /* Debug */ = {
			isa = XCBuildConfiguration;
			buildSettings = {
				ASSETCATALOG_COMPILER_APPICON_NAME = AppIcon;
				ASSETCATALOG_COMPILER_GLOBAL_ACCENT_COLOR_NAME = AccentColor;
				CODE_SIGN_STYLE = Automatic;
				CURRENT_PROJECT_VERSION = 1;
				DEVELOPMENT_ASSET_PATHS = "";
				DEVELOPMENT_TEAM = ZMX77LFT7B;
				GENERATE_INFOPLIST_FILE = YES;
				INFOPLIST_FILE = MdEditor/SupportingFiles/Info.plist;
				INFOPLIST_KEY_UIApplicationSupportsIndirectInputEvents = YES;
				INFOPLIST_KEY_UILaunchStoryboardName = LaunchScreen;
				INFOPLIST_KEY_UIMainStoryboardFile = "";
				INFOPLIST_KEY_UISupportedInterfaceOrientations_iPad = "UIInterfaceOrientationPortrait UIInterfaceOrientationPortraitUpsideDown UIInterfaceOrientationLandscapeLeft UIInterfaceOrientationLandscapeRight";
				INFOPLIST_KEY_UISupportedInterfaceOrientations_iPhone = "UIInterfaceOrientationPortrait UIInterfaceOrientationLandscapeLeft UIInterfaceOrientationLandscapeRight";
				IPHONEOS_DEPLOYMENT_TARGET = 15.0;
				LD_RUNPATH_SEARCH_PATHS = (
					"$(inherited)",
					"@executable_path/Frameworks",
				);
				MARKETING_VERSION = 1.0;
				PRODUCT_BUNDLE_IDENTIFIER = ru.koloma.MdEditor;
				PRODUCT_NAME = "$(TARGET_NAME)";
				SWIFT_EMIT_LOC_STRINGS = YES;
				SWIFT_VERSION = 5.0;
				TARGETED_DEVICE_FAMILY = "1,2";
			};
			name = Debug;
		};
		200956B129EFE0FF00C7A354 /* Release */ = {
			isa = XCBuildConfiguration;
			buildSettings = {
				ASSETCATALOG_COMPILER_APPICON_NAME = AppIcon;
				ASSETCATALOG_COMPILER_GLOBAL_ACCENT_COLOR_NAME = AccentColor;
				CODE_SIGN_STYLE = Automatic;
				CURRENT_PROJECT_VERSION = 1;
				DEVELOPMENT_ASSET_PATHS = "";
				DEVELOPMENT_TEAM = ZMX77LFT7B;
				GENERATE_INFOPLIST_FILE = YES;
				INFOPLIST_FILE = MdEditor/SupportingFiles/Info.plist;
				INFOPLIST_KEY_UIApplicationSupportsIndirectInputEvents = YES;
				INFOPLIST_KEY_UILaunchStoryboardName = LaunchScreen;
				INFOPLIST_KEY_UIMainStoryboardFile = "";
				INFOPLIST_KEY_UISupportedInterfaceOrientations_iPad = "UIInterfaceOrientationPortrait UIInterfaceOrientationPortraitUpsideDown UIInterfaceOrientationLandscapeLeft UIInterfaceOrientationLandscapeRight";
				INFOPLIST_KEY_UISupportedInterfaceOrientations_iPhone = "UIInterfaceOrientationPortrait UIInterfaceOrientationLandscapeLeft UIInterfaceOrientationLandscapeRight";
				IPHONEOS_DEPLOYMENT_TARGET = 15.0;
				LD_RUNPATH_SEARCH_PATHS = (
					"$(inherited)",
					"@executable_path/Frameworks",
				);
				MARKETING_VERSION = 1.0;
				PRODUCT_BUNDLE_IDENTIFIER = ru.koloma.MdEditor;
				PRODUCT_NAME = "$(TARGET_NAME)";
				SWIFT_EMIT_LOC_STRINGS = YES;
				SWIFT_VERSION = 5.0;
				TARGETED_DEVICE_FAMILY = "1,2";
			};
			name = Release;
		};
/* End XCBuildConfiguration section */

/* Begin XCConfigurationList section */
		2009569629EFE0FE00C7A354 /* Build configuration list for PBXProject "MdEditor" */ = {
			isa = XCConfigurationList;
			buildConfigurations = (
				200956AD29EFE0FF00C7A354 /* Debug */,
				200956AE29EFE0FF00C7A354 /* Release */,
			);
			defaultConfigurationIsVisible = 0;
			defaultConfigurationName = Release;
		};
		200956AF29EFE0FF00C7A354 /* Build configuration list for PBXNativeTarget "MdEditor" */ = {
			isa = XCConfigurationList;
			buildConfigurations = (
				200956B029EFE0FF00C7A354 /* Debug */,
				200956B129EFE0FF00C7A354 /* Release */,
			);
			defaultConfigurationIsVisible = 0;
			defaultConfigurationName = Release;
		};
/* End XCConfigurationList section */

/* Begin XCRemoteSwiftPackageReference section */
		200956C029EFF82B00C7A354 /* XCRemoteSwiftPackageReference "PinLayout" */ = {
			isa = XCRemoteSwiftPackageReference;
			repositoryURL = "https://github.com/layoutBox/PinLayout";
			requirement = {
				kind = exactVersion;
				version = 1.10.4;
			};
		};
/* End XCRemoteSwiftPackageReference section */

/* Begin XCSwiftPackageProductDependency section */
		200956C129EFF82B00C7A354 /* PinLayout */ = {
			isa = XCSwiftPackageProductDependency;
			package = 200956C029EFF82B00C7A354 /* XCRemoteSwiftPackageReference "PinLayout" */;
			productName = PinLayout;
		};
/* End XCSwiftPackageProductDependency section */
	};
	rootObject = 2009569329EFE0FE00C7A354 /* Project object */;
}
